
Microsoft Visual Studio Solution File, Format Version 12.00
# Visual Studio Version 16
VisualStudioVersion = 16.0.30907.101
MinimumVisualStudioVersion = 10.0.40219.1
Project("{FAE04EC0-301F-11D3-BF4B-00C04F79EFBC}") = "Косынка", "Косынка\Косынка.csproj", "{CD0E21EB-5EB7-4024-BFED-7BD3E28CD36C}"
EndProject
Global
	GlobalSection(SolutionConfigurationPlatforms) = preSolution
		Debug|Any CPU = Debug|Any CPU
		Release|Any CPU = Release|Any CPU
	EndGlobalSection
	GlobalSection(ProjectConfigurationPlatforms) = postSolution
		{CD0E21EB-5EB7-4024-BFED-7BD3E28CD36C}.Debug|Any CPU.ActiveCfg = Debug|Any CPU
		{CD0E21EB-5EB7-4024-BFED-7BD3E28CD36C}.Debug|Any CPU.Build.0 = Debug|Any CPU
		{CD0E21EB-5EB7-4024-BFED-7BD3E28CD36C}.Release|Any CPU.ActiveCfg = Release|Any CPU
		{CD0E21EB-5EB7-4024-BFED-7BD3E28CD36C}.Release|Any CPU.Build.0 = Release|Any CPU
	EndGlobalSection
	GlobalSection(SolutionProperties) = preSolution
		HideSolutionNode = FALSE
	EndGlobalSection
	GlobalSection(ExtensibilityGlobals) = postSolution
		SolutionGuid = {02E15510-10A6-4E64-9FBB-F3DDB7013E23}
	EndGlobalSection
EndGlobal
